
Microsoft Visual Studio Solution File, Format Version 12.00
# Visual Studio Version 16
VisualStudioVersion = 16.0.31129.286
MinimumVisualStudioVersion = 10.0.40219.1
Project("{E24C65DC-7377-472B-9ABA-BC803B73C61A}") = "LinqToSql", "LinqToSql\", "{6B021230-575F-4224-A1F0-EE7763F10EE8}"
	ProjectSection(WebsiteProperties) = preProject
		TargetFrameworkMoniker = ".NETFramework,Version%3Dv4.7.2"
		Debug.AspNetCompiler.VirtualPath = "/localhost_55942"
		Debug.AspNetCompiler.PhysicalPath = "LinqToSql\"
		Debug.AspNetCompiler.TargetPath = "PrecompiledWeb\localhost_55942\"
		Debug.AspNetCompiler.Updateable = "true"
		Debug.AspNetCompiler.ForceOverwrite = "true"
		Debug.AspNetCompiler.FixedNames = "false"
		Debug.AspNetCompiler.Debug = "True"
		Release.AspNetCompiler.VirtualPath = "/localhost_55942"
		Release.AspNetCompiler.PhysicalPath = "LinqToSql\"
		Release.AspNetCompiler.TargetPath = "PrecompiledWeb\localhost_55942\"
		Release.AspNetCompiler.Updateable = "true"
		Release.AspNetCompiler.ForceOverwrite = "true"
		Release.AspNetCompiler.FixedNames = "false"
		Release.AspNetCompiler.Debug = "False"
		VWDPort = "55942"
		SlnRelativePath = "LinqToSql\"
		DefaultWebSiteLanguage = "Visual C#"
	EndProjectSection
EndProject
Global
	GlobalSection(SolutionConfigurationPlatforms) = preSolution
		Debug|Any CPU = Debug|Any CPU
	EndGlobalSection
	GlobalSection(ProjectConfigurationPlatforms) = postSolution
		{6B021230-575F-4224-A1F0-EE7763F10EE8}.Debug|Any CPU.ActiveCfg = Debug|Any CPU
		{6B021230-575F-4224-A1F0-EE7763F10EE8}.Debug|Any CPU.Build.0 = Debug|Any CPU
	EndGlobalSection
	GlobalSection(SolutionProperties) = preSolution
		HideSolutionNode = FALSE
	EndGlobalSection
	GlobalSection(ExtensibilityGlobals) = postSolution
		SolutionGuid = {3B9E3A9F-06F0-447D-97C6-FFF1D1F38C9B}
	EndGlobalSection
EndGlobal
